# requirements.lock — GENERATED, DO NOT EDIT BY HAND (INF-6054).
#
# Fully-pinned runtime dependency tree. Consumed by the Railway prod
# Dockerfile and the CI test/test-saas/schema-drift jobs (as -r), and by
# the CE installers/updaters as a pip CONSTRAINTS file (-c, INF-9057) so
# an unpinned upstream release can never silently break a build or a
# fresh CE install.
#
# TARGET ENV: Linux x86_64 + CPython 3.12 (Railway python:3.12-slim;
# CI nikolaik/python-nodejs). Carries Linux-only wheels (uvloop): Linux-only
# as -r; cross-platform-safe as -c (pip ignores a constraint for a package
# it is not installing).
#
# requirements.txt is the human-edited DIRECT-dep input (single source of
# truth, mirrors pyproject.toml). After ANY requirements.txt change, regen:
#   uv pip compile requirements.txt --python-version 3.12 \
#       --python-platform x86_64-unknown-linux-gnu
# or run the repo's requirements-lock generator (also stamps the hash below).
#
# The hash below is the canonical direct-dep set of requirements.txt. The CI
# drift gate (tests/unit/test_requirements_lock_drift.py) REDs if it no longer
# matches — i.e. requirements.txt was changed without regenerating this lock.
# requirements-txt-hash: sha256:cea1476247baf0dedaf5f26c21242e7fdd7960970259c49dbf0b3804f0804eb2
aiosmtplib==5.1.3
    # via -r requirements.txt
alembic==1.19.2
    # via -r requirements.txt
annotated-doc==0.0.5
    # via fastapi
annotated-types==0.8.0
    # via pydantic
anyio==4.15.1
    # via
    #   httpx
    #   httpx2
    #   mcp
    #   sse-starlette
    #   starlette
    #   watchfiles
asyncpg==0.31.0
    # via -r requirements.txt
attrs==26.1.0
    # via
    #   jsonschema
    #   referencing
authlib==1.8.0
    # via -r requirements.txt
bcrypt==5.0.0
    # via -r requirements.txt
boto3==1.43.90
    # via -r requirements.txt
botocore==1.43.90
    # via
    #   boto3
    #   s3transfer
certifi==2026.7.22
    # via
    #   httpcore
    #   httpx
    #   requests
    #   sentry-sdk
cffi==2.1.1
    # via cryptography
charset-normalizer==3.5.1
    # via requests
click==8.5.0
    # via
    #   -r requirements.txt
    #   uvicorn
colorama==0.4.6
    # via -r requirements.txt
cryptography==50.0.1
    # via
    #   -r requirements.txt
    #   authlib
    #   joserfc
    #   pyjwt
dnspython==2.8.0
    # via email-validator
email-validator==2.3.0
    # via -r requirements.txt
fastapi==0.139.2
    # via
    #   -r requirements.txt
    #   sentry-sdk
greenlet==3.5.5
    # via
    #   -r requirements.txt
    #   sqlalchemy
h11==0.16.0
    # via
    #   httpcore
    #   httpcore2
    #   uvicorn
httpcore==1.0.9
    # via httpx
httpcore2==2.12.0
    # via httpx2
httptools==0.8.0
    # via uvicorn
httpx==0.28.1
    # via -r requirements.txt
httpx2==2.12.0
    # via mcp
idna==3.19
    # via
    #   anyio
    #   email-validator
    #   httpx
    #   httpx2
    #   requests
jinja2==3.1.6
    # via -r requirements.txt
jmespath==1.1.0
    # via
    #   boto3
    #   botocore
joserfc==1.7.5
    # via authlib
jsonschema==4.26.0
    # via mcp
jsonschema-specifications==2025.9.1
    # via jsonschema
mako==1.4.1
    # via alembic
markupsafe==3.0.3
    # via
    #   jinja2
    #   mako
mcp==2.0.1
    # via -r requirements.txt
mcp-types==2.0.1
    # via mcp
opentelemetry-api==1.44.0
    # via mcp
packaging==26.3
    # via -r requirements.txt
psutil==7.2.2
    # via -r requirements.txt
psycopg2-binary==2.9.12
    # via -r requirements.txt
pycparser==3.0
    # via cffi
pydantic==2.13.5
    # via
    #   -r requirements.txt
    #   fastapi
    #   mcp
    #   mcp-types
pydantic-core==2.46.5
    # via pydantic
pyjwt==2.13.0
    # via
    #   -r requirements.txt
    #   mcp
python-dateutil==2.9.0.post0
    # via botocore
python-dotenv==1.2.3
    # via
    #   -r requirements.txt
    #   uvicorn
python-multipart==0.0.32
    # via
    #   -r requirements.txt
    #   mcp
pyyaml==6.0.3
    # via
    #   -r requirements.txt
    #   uvicorn
redis==8.1.0
    # via -r requirements.txt
referencing==0.37.0
    # via
    #   jsonschema
    #   jsonschema-specifications
regex==2026.9.3
    # via tiktoken
requests==2.34.2
    # via
    #   resend
    #   tiktoken
resend==2.43.0
    # via -r requirements.txt
rpds-py==2026.6.3
    # via
    #   jsonschema
    #   referencing
s3transfer==0.19.2
    # via boto3
sentry-sdk==2.69.1
    # via -r requirements.txt
six==1.17.0
    # via python-dateutil
sqlalchemy==2.0.52
    # via
    #   -r requirements.txt
    #   alembic
sse-starlette==3.4.11
    # via mcp
starlette==1.3.1
    # via
    #   -r requirements.txt
    #   fastapi
    #   mcp
    #   sse-starlette
structlog==26.1.0
    # via -r requirements.txt
tiktoken==0.14.0
    # via -r requirements.txt
truststore==0.10.4
    # via
    #   httpcore2
    #   httpx2
typing-extensions==4.16.0
    # via
    #   alembic
    #   anyio
    #   fastapi
    #   httpx2
    #   mcp
    #   mcp-types
    #   opentelemetry-api
    #   pydantic
    #   pydantic-core
    #   referencing
    #   resend
    #   sqlalchemy
    #   starlette
    #   typing-inspection
typing-inspection==0.4.4
    # via
    #   fastapi
    #   mcp
    #   pydantic
urllib3==2.7.0
    # via
    #   botocore
    #   requests
    #   sentry-sdk
uvicorn==0.52.4
    # via
    #   -r requirements.txt
    #   mcp
uvloop==0.22.1
    # via uvicorn
watchdog==6.0.0
    # via -r requirements.txt
watchfiles==1.2.0
    # via uvicorn
websockets==17.1
    # via uvicorn
